
Microsoft Visual Studio Solution File, Format Version 12.00
# Visual Studio Version 17
VisualStudioVersion = 17.4.33205.214
MinimumVisualStudioVersion = 10.0.40219.1
Project("{9A19103F-16F7-4668-BE54-9A1E7A4F7556}") = "API", "API\API.csproj", "{F4CA69A1-0E58-4D49-A367-147F022A922D}"
EndProject
Project("{FAE04EC0-301F-11D3-BF4B-00C04F79EFBC}") = "Core", "Core\Core.csproj", "{BB0FD08C-3A2E-4CB0-906A-41B621C44351}"
EndProject
Project("{FAE04EC0-301F-11D3-BF4B-00C04F79EFBC}") = "Infrastructure", "Infrastructure\Infrastructure.csproj", "{C864CA52-0611-41AF-AA25-9E8B96D00CFA}"
EndProject
Global
	GlobalSection(SolutionConfigurationPlatforms) = preSolution
		Debug|Any CPU = Debug|Any CPU
		Release|Any CPU = Release|Any CPU
	EndGlobalSection
	GlobalSection(ProjectConfigurationPlatforms) = postSolution
		{F4CA69A1-0E58-4D49-A367-147F022A922D}.Debug|Any CPU.ActiveCfg = Debug|Any CPU
		{F4CA69A1-0E58-4D49-A367-147F022A922D}.Debug|Any CPU.Build.0 = Debug|Any CPU
		{F4CA69A1-0E58-4D49-A367-147F022A922D}.Release|Any CPU.ActiveCfg = Release|Any CPU
		{F4CA69A1-0E58-4D49-A367-147F022A922D}.Release|Any CPU.Build.0 = Release|Any CPU
		{BB0FD08C-3A2E-4CB0-906A-41B621C44351}.Debug|Any CPU.ActiveCfg = Debug|Any CPU
		{BB0FD08C-3A2E-4CB0-906A-41B621C44351}.Debug|Any CPU.Build.0 = Debug|Any CPU
		{BB0FD08C-3A2E-4CB0-906A-41B621C44351}.Release|Any CPU.ActiveCfg = Release|Any CPU
		{BB0FD08C-3A2E-4CB0-906A-41B621C44351}.Release|Any CPU.Build.0 = Release|Any CPU
		{C864CA52-0611-41AF-AA25-9E8B96D00CFA}.Debug|Any CPU.ActiveCfg = Debug|Any CPU
		{C864CA52-0611-41AF-AA25-9E8B96D00CFA}.Debug|Any CPU.Build.0 = Debug|Any CPU
		{C864CA52-0611-41AF-AA25-9E8B96D00CFA}.Release|Any CPU.ActiveCfg = Release|Any CPU
		{C864CA52-0611-41AF-AA25-9E8B96D00CFA}.Release|Any CPU.Build.0 = Release|Any CPU
	EndGlobalSection
	GlobalSection(SolutionProperties) = preSolution
		HideSolutionNode = FALSE
	EndGlobalSection
	GlobalSection(ExtensibilityGlobals) = postSolution
		SolutionGuid = {415AE16C-0958-4FAA-ABE9-D7A35C2CEDD8}
	EndGlobalSection
EndGlobal
